{
  "pins" : [
    {
      "identity" : "wwprint",
      "kind" : "remoteSourceControl",
      "location" : "https://github.com/William-Weng/WWPrint",
      "state" : {
        "revision" : "edb791ed5e59c0f4044810d21a89102a440e2fbd",
        "version" : "1.2.1"
      }
    },
    {
      "identity" : "wwscratchcard",
      "kind" : "remoteSourceControl",
      "location" : "https://github.com/William-Weng/WWScratchCard.git",
      "state" : {
        "revision" : "95f9a02a7cd867b54720da72fdbec11b70b6f06b",
        "version" : "1.1.2"
      }
    }
  ],
  "version" : 2
}
