{
  "pins" : [
    {
      "identity" : "wwprint",
      "kind" : "remoteSourceControl",
      "location" : "https://github.com/William-Weng/WWPrint",
      "state" : {
        "revision" : "edb791ed5e59c0f4044810d21a89102a440e2fbd",
        "version" : "1.2.1"
      }
    },
    {
      "identity" : "wwscratchcard",
      "kind" : "remoteSourceControl",
      "location" : "https://github.com/William-Weng/WWScratchCard",
      "state" : {
        "revision" : "efe8264420d6cca5657ec1e69549b609558222b1",
        "version" : "1.0.0"
      }
    }
  ],
  "version" : 2
}
