{
  "pins" : [
    {
      "identity" : "wwprint",
      "kind" : "remoteSourceControl",
      "location" : "https://github.com/William-Weng/WWPrint.git",
      "state" : {
        "revision" : "edb791ed5e59c0f4044810d21a89102a440e2fbd",
        "version" : "1.2.1"
      }
    },
    {
      "identity" : "wwscratchcard",
      "kind" : "remoteSourceControl",
      "location" : "https://github.com/William-Weng/WWScratchCard/",
      "state" : {
        "revision" : "9b8889461560b14e2933e9b9d09ff91ca46e811c",
        "version" : "1.2.0"
      }
    }
  ],
  "version" : 2
}
